
Microsoft Visual Studio Solution File, Format Version 12.00
# Visual Studio Version 17
VisualStudioVersion = 17.14.36127.28 d17.14
MinimumVisualStudioVersion = 10.0.40219.1
Project("{FAE04EC0-301F-11D3-BF4B-00C04F79EFBC}") = "UBSFacil", "UBSFacil\UBSFacil.csproj", "{B19DBD03-ECF7-48CB-8F87-A4604FBE4839}"
EndProject
Global
	GlobalSection(SolutionConfigurationPlatforms) = preSolution
		Debug|Any CPU = Debug|Any CPU
		Release|Any CPU = Release|Any CPU
	EndGlobalSection
	GlobalSection(ProjectConfigurationPlatforms) = postSolution
		{B19DBD03-ECF7-48CB-8F87-A4604FBE4839}.Debug|Any CPU.ActiveCfg = Debug|Any CPU
		{B19DBD03-ECF7-48CB-8F87-A4604FBE4839}.Debug|Any CPU.Build.0 = Debug|Any CPU
		{B19DBD03-ECF7-48CB-8F87-A4604FBE4839}.Debug|Any CPU.Deploy.0 = Debug|Any CPU
		{B19DBD03-ECF7-48CB-8F87-A4604FBE4839}.Release|Any CPU.ActiveCfg = Release|Any CPU
		{B19DBD03-ECF7-48CB-8F87-A4604FBE4839}.Release|Any CPU.Build.0 = Release|Any CPU
		{B19DBD03-ECF7-48CB-8F87-A4604FBE4839}.Release|Any CPU.Deploy.0 = Release|Any CPU
	EndGlobalSection
	GlobalSection(SolutionProperties) = preSolution
		HideSolutionNode = FALSE
	EndGlobalSection
	GlobalSection(ExtensibilityGlobals) = postSolution
		SolutionGuid = {41FF819C-FAA4-4E0B-9B2B-90E362B6CE05}
	EndGlobalSection
EndGlobal
